
Microsoft Visual Studio Solution File, Format Version 12.00
# Visual Studio Version 17
VisualStudioVersion = 17.0.31612.314
MinimumVisualStudioVersion = 10.0.40219.1
Project("{9A19103F-16F7-4668-BE54-9A1E7A4F7556}") = "Games", "Azino777\Games.csproj", "{A2C60ED1-92B9-43FE-BB71-B22E459AE69C}"
EndProject
Project("{9A19103F-16F7-4668-BE54-9A1E7A4F7556}") = "GamesTests", "GamesTests\GamesTests.csproj", "{672E633A-B761-4FFB-B4F7-88453695CD20}"
EndProject
Project("{9A19103F-16F7-4668-BE54-9A1E7A4F7556}") = "DataBase", "DataBase\DataBase.csproj", "{ADF9C815-2E1B-4343-A560-EA9CD9FF6ABC}"
EndProject
Project("{2150E333-8FDC-42A3-9474-1A3956D46DE8}") = "Solution Items", "Solution Items", "{D01364FD-42F7-4F20-A38A-E27C66B3A814}"
	ProjectSection(SolutionItems) = preProject
		.editorconfig = .editorconfig
		NLog.config = NLog.config
	EndProjectSection
EndProject
Project("{2150E333-8FDC-42A3-9474-1A3956D46DE8}") = "Tests", "Tests", "{FCD6D0E5-1EC3-487B-8364-F7E16E66A923}"
EndProject
Project("{9A19103F-16F7-4668-BE54-9A1E7A4F7556}") = "Server", "Server\Server.csproj", "{63E694D5-C5C6-4C47-AC93-05C1A7DA5F40}"
EndProject
Global
	GlobalSection(SolutionConfigurationPlatforms) = preSolution
		Debug|Any CPU = Debug|Any CPU
		Release|Any CPU = Release|Any CPU
	EndGlobalSection
	GlobalSection(ProjectConfigurationPlatforms) = postSolution
		{A2C60ED1-92B9-43FE-BB71-B22E459AE69C}.Debug|Any CPU.ActiveCfg = Debug|Any CPU
		{A2C60ED1-92B9-43FE-BB71-B22E459AE69C}.Debug|Any CPU.Build.0 = Debug|Any CPU
		{A2C60ED1-92B9-43FE-BB71-B22E459AE69C}.Release|Any CPU.ActiveCfg = Release|Any CPU
		{A2C60ED1-92B9-43FE-BB71-B22E459AE69C}.Release|Any CPU.Build.0 = Release|Any CPU
		{672E633A-B761-4FFB-B4F7-88453695CD20}.Debug|Any CPU.ActiveCfg = Debug|Any CPU
		{672E633A-B761-4FFB-B4F7-88453695CD20}.Debug|Any CPU.Build.0 = Debug|Any CPU
		{672E633A-B761-4FFB-B4F7-88453695CD20}.Release|Any CPU.ActiveCfg = Release|Any CPU
		{672E633A-B761-4FFB-B4F7-88453695CD20}.Release|Any CPU.Build.0 = Release|Any CPU
		{ADF9C815-2E1B-4343-A560-EA9CD9FF6ABC}.Debug|Any CPU.ActiveCfg = Debug|Any CPU
		{ADF9C815-2E1B-4343-A560-EA9CD9FF6ABC}.Debug|Any CPU.Build.0 = Debug|Any CPU
		{ADF9C815-2E1B-4343-A560-EA9CD9FF6ABC}.Release|Any CPU.ActiveCfg = Release|Any CPU
		{ADF9C815-2E1B-4343-A560-EA9CD9FF6ABC}.Release|Any CPU.Build.0 = Release|Any CPU
		{63E694D5-C5C6-4C47-AC93-05C1A7DA5F40}.Debug|Any CPU.ActiveCfg = Debug|Any CPU
		{63E694D5-C5C6-4C47-AC93-05C1A7DA5F40}.Debug|Any CPU.Build.0 = Debug|Any CPU
		{63E694D5-C5C6-4C47-AC93-05C1A7DA5F40}.Release|Any CPU.ActiveCfg = Release|Any CPU
		{63E694D5-C5C6-4C47-AC93-05C1A7DA5F40}.Release|Any CPU.Build.0 = Release|Any CPU
	EndGlobalSection
	GlobalSection(SolutionProperties) = preSolution
		HideSolutionNode = FALSE
	EndGlobalSection
	GlobalSection(NestedProjects) = preSolution
		{672E633A-B761-4FFB-B4F7-88453695CD20} = {FCD6D0E5-1EC3-487B-8364-F7E16E66A923}
	EndGlobalSection
	GlobalSection(ExtensibilityGlobals) = postSolution
		SolutionGuid = {5D65193C-6640-4293-BDCC-D56E09D1657E}
	EndGlobalSection
EndGlobal
